
Microsoft Visual Studio Solution File, Format Version 12.00
# Visual Studio 15
VisualStudioVersion = 15.0.27703.2000
MinimumVisualStudioVersion = 10.0.40219.1
Project("{2150E333-8FDC-42A3-9474-1A3956D46DE8}") = "Projects", "Projects", "{4ED9868C-5277-4FD0-817F-9D4F74E4FD4E}"
EndProject
Project("{FAE04EC0-301F-11D3-BF4B-00C04F79EFBC}") = "Tasks.Hangfire", "..\Projects\Tasks.Hangfire\Tasks.Hangfire.csproj", "{F17809FB-AF26-418F-B120-C9CDCB0C9EBF}"
EndProject
Project("{2150E333-8FDC-42A3-9474-1A3956D46DE8}") = "Nuget", "Nuget", "{C05FF974-CF3D-4994-9D53-79BB3E99D5A0}"
EndProject
Project("{FAE04EC0-301F-11D3-BF4B-00C04F79EFBC}") = "Tasks.Hangfire", "..\NuGet\Tasks.Hangfire\Tasks.Hangfire.csproj", "{A2728689-DDF8-40AB-9A59-FEEA8DBA4225}"
	ProjectSection(ProjectDependencies) = postProject
		{F17809FB-AF26-418F-B120-C9CDCB0C9EBF} = {F17809FB-AF26-418F-B120-C9CDCB0C9EBF}
	EndProjectSection
EndProject
Project("{9A19103F-16F7-4668-BE54-9A1E7A4F7556}") = "Tasks.MomentalThreading", "..\Projects\Tasks.MomentalThreading\Tasks.MomentalThreading.csproj", "{2B9F1DA0-E1CF-49F5-A842-15A5E256B798}"
EndProject
Project("{9A19103F-16F7-4668-BE54-9A1E7A4F7556}") = "Data.EntityFramework6", "..\Projects\Data.EntityFramework\Data.EntityFramework6.csproj", "{99A19924-2D93-42A5-B8E9-2C417538059C}"
EndProject
Project("{2150E333-8FDC-42A3-9474-1A3956D46DE8}") = "Solution Items", "Solution Items", "{6160BE79-9726-4CBF-AA83-BA6C27A25806}"
	ProjectSection(SolutionItems) = preProject
		..\Projects\Common.props = ..\Projects\Common.props
	EndProjectSection
EndProject
Project("{9A19103F-16F7-4668-BE54-9A1E7A4F7556}") = "Core", "..\Projects\Core\Core.csproj", "{668D450F-3998-41E6-9004-54492662D871}"
EndProject
Global
	GlobalSection(SolutionConfigurationPlatforms) = preSolution
		Debug|Any CPU = Debug|Any CPU
		Release|Any CPU = Release|Any CPU
	EndGlobalSection
	GlobalSection(ProjectConfigurationPlatforms) = postSolution
		{F17809FB-AF26-418F-B120-C9CDCB0C9EBF}.Debug|Any CPU.ActiveCfg = Debug|Any CPU
		{F17809FB-AF26-418F-B120-C9CDCB0C9EBF}.Debug|Any CPU.Build.0 = Debug|Any CPU
		{F17809FB-AF26-418F-B120-C9CDCB0C9EBF}.Release|Any CPU.ActiveCfg = Release|Any CPU
		{F17809FB-AF26-418F-B120-C9CDCB0C9EBF}.Release|Any CPU.Build.0 = Release|Any CPU
		{A2728689-DDF8-40AB-9A59-FEEA8DBA4225}.Debug|Any CPU.ActiveCfg = Debug|Any CPU
		{A2728689-DDF8-40AB-9A59-FEEA8DBA4225}.Debug|Any CPU.Build.0 = Debug|Any CPU
		{A2728689-DDF8-40AB-9A59-FEEA8DBA4225}.Release|Any CPU.ActiveCfg = Release|Any CPU
		{A2728689-DDF8-40AB-9A59-FEEA8DBA4225}.Release|Any CPU.Build.0 = Release|Any CPU
		{2B9F1DA0-E1CF-49F5-A842-15A5E256B798}.Debug|Any CPU.ActiveCfg = Debug|Any CPU
		{2B9F1DA0-E1CF-49F5-A842-15A5E256B798}.Debug|Any CPU.Build.0 = Debug|Any CPU
		{2B9F1DA0-E1CF-49F5-A842-15A5E256B798}.Release|Any CPU.ActiveCfg = Release|Any CPU
		{2B9F1DA0-E1CF-49F5-A842-15A5E256B798}.Release|Any CPU.Build.0 = Release|Any CPU
		{99A19924-2D93-42A5-B8E9-2C417538059C}.Debug|Any CPU.ActiveCfg = Debug|Any CPU
		{99A19924-2D93-42A5-B8E9-2C417538059C}.Debug|Any CPU.Build.0 = Debug|Any CPU
		{99A19924-2D93-42A5-B8E9-2C417538059C}.Release|Any CPU.ActiveCfg = Release|Any CPU
		{99A19924-2D93-42A5-B8E9-2C417538059C}.Release|Any CPU.Build.0 = Release|Any CPU
		{668D450F-3998-41E6-9004-54492662D871}.Debug|Any CPU.ActiveCfg = Debug|Any CPU
		{668D450F-3998-41E6-9004-54492662D871}.Debug|Any CPU.Build.0 = Debug|Any CPU
		{668D450F-3998-41E6-9004-54492662D871}.Release|Any CPU.ActiveCfg = Release|Any CPU
		{668D450F-3998-41E6-9004-54492662D871}.Release|Any CPU.Build.0 = Release|Any CPU
	EndGlobalSection
	GlobalSection(SolutionProperties) = preSolution
		HideSolutionNode = FALSE
	EndGlobalSection
	GlobalSection(NestedProjects) = preSolution
		{F17809FB-AF26-418F-B120-C9CDCB0C9EBF} = {4ED9868C-5277-4FD0-817F-9D4F74E4FD4E}
		{A2728689-DDF8-40AB-9A59-FEEA8DBA4225} = {C05FF974-CF3D-4994-9D53-79BB3E99D5A0}
		{2B9F1DA0-E1CF-49F5-A842-15A5E256B798} = {4ED9868C-5277-4FD0-817F-9D4F74E4FD4E}
		{99A19924-2D93-42A5-B8E9-2C417538059C} = {4ED9868C-5277-4FD0-817F-9D4F74E4FD4E}
		{668D450F-3998-41E6-9004-54492662D871} = {4ED9868C-5277-4FD0-817F-9D4F74E4FD4E}
	EndGlobalSection
	GlobalSection(ExtensibilityGlobals) = postSolution
		SolutionGuid = {EED38A6B-FD8B-4735-9632-1F78301B6F9F}
	EndGlobalSection
EndGlobal
