
Microsoft Visual Studio Solution File, Format Version 12.00
# Visual Studio 15
VisualStudioVersion = 15.0.27703.2000
MinimumVisualStudioVersion = 10.0.40219.1
Project("{2150E333-8FDC-42A3-9474-1A3956D46DE8}") = "Projects", "Projects", "{4ED9868C-5277-4FD0-817F-9D4F74E4FD4E}"
EndProject
Project("{FAE04EC0-301F-11D3-BF4B-00C04F79EFBC}") = "Core.NetFramework", "..\Projects\Core\Core.NetFramework.csproj", "{E72E8B9C-9668-46C6-84E6-47D9CE44AD80}"
EndProject
Project("{FAE04EC0-301F-11D3-BF4B-00C04F79EFBC}") = "Tasks.Hangfire", "..\Projects\Tasks.Hangfire\Tasks.Hangfire.csproj", "{F17809FB-AF26-418F-B120-C9CDCB0C9EBF}"
EndProject
Project("{2150E333-8FDC-42A3-9474-1A3956D46DE8}") = "Nuget", "Nuget", "{C05FF974-CF3D-4994-9D53-79BB3E99D5A0}"
EndProject
Project("{FAE04EC0-301F-11D3-BF4B-00C04F79EFBC}") = "Data.EntityFramework", "..\NuGet\Data.EntityFramework\Data.EntityFramework.csproj", "{523C231E-F960-452F-A48D-0124EE5C263E}"
	ProjectSection(ProjectDependencies) = postProject
		{24C1BA52-EE2D-4C56-B2BA-8AEC002AF930} = {24C1BA52-EE2D-4C56-B2BA-8AEC002AF930}
		{8F3240C4-1A14-4E3B-85AC-C94EE406041E} = {8F3240C4-1A14-4E3B-85AC-C94EE406041E}
	EndProjectSection
EndProject
Project("{FAE04EC0-301F-11D3-BF4B-00C04F79EFBC}") = "Core", "..\NuGet\Core\Core.csproj", "{0451BAEF-DF2E-4B98-8644-94EE9415E389}"
	ProjectSection(ProjectDependencies) = postProject
		{86E82704-31D0-43BA-B6CC-536C1F435393} = {86E82704-31D0-43BA-B6CC-536C1F435393}
		{920CEC59-06E6-437F-BB48-124E8AD6CFBF} = {920CEC59-06E6-437F-BB48-124E8AD6CFBF}
		{E72E8B9C-9668-46C6-84E6-47D9CE44AD80} = {E72E8B9C-9668-46C6-84E6-47D9CE44AD80}
	EndProjectSection
EndProject
Project("{9A19103F-16F7-4668-BE54-9A1E7A4F7556}") = "Core.NetStandard", "..\Projects\Core\Core.NetStandard.csproj", "{920CEC59-06E6-437F-BB48-124E8AD6CFBF}"
EndProject
Project("{9A19103F-16F7-4668-BE54-9A1E7A4F7556}") = "Application", "..\Projects\Application\Application.csproj", "{86E82704-31D0-43BA-B6CC-536C1F435393}"
EndProject
Project("{FAE04EC0-301F-11D3-BF4B-00C04F79EFBC}") = "Tasks.Hangfire", "..\NuGet\Tasks.Hangfire\Tasks.Hangfire.csproj", "{A2728689-DDF8-40AB-9A59-FEEA8DBA4225}"
	ProjectSection(ProjectDependencies) = postProject
		{86E82704-31D0-43BA-B6CC-536C1F435393} = {86E82704-31D0-43BA-B6CC-536C1F435393}
		{523C231E-F960-452F-A48D-0124EE5C263E} = {523C231E-F960-452F-A48D-0124EE5C263E}
		{0451BAEF-DF2E-4B98-8644-94EE9415E389} = {0451BAEF-DF2E-4B98-8644-94EE9415E389}
		{F17809FB-AF26-418F-B120-C9CDCB0C9EBF} = {F17809FB-AF26-418F-B120-C9CDCB0C9EBF}
	EndProjectSection
EndProject
Project("{FAE04EC0-301F-11D3-BF4B-00C04F79EFBC}") = "Data.EntityFramework.NetFramework", "..\Projects\Data.EntityFramework\Data.EntityFramework.NetFramework.csproj", "{8F3240C4-1A14-4E3B-85AC-C94EE406041E}"
EndProject
Project("{9A19103F-16F7-4668-BE54-9A1E7A4F7556}") = "Data.EntityFramework.NetStandard", "..\Projects\Data.EntityFramework\Data.EntityFramework.NetStandard.csproj", "{24C1BA52-EE2D-4C56-B2BA-8AEC002AF930}"
EndProject
Project("{9A19103F-16F7-4668-BE54-9A1E7A4F7556}") = "Tasks.MomentalThreading", "..\Projects\Tasks.MomentalThreading\Tasks.MomentalThreading.csproj", "{2B9F1DA0-E1CF-49F5-A842-15A5E256B798}"
EndProject
Project("{00D1A9C2-B5F0-4AF3-8072-F6C62B433612}") = "Application.DB", "..\Projects\Application.DB\Application.DB.sqlproj", "{0FF38F5E-849A-42BE-A793-35DCFFD2C99C}"
EndProject
Global
	GlobalSection(SolutionConfigurationPlatforms) = preSolution
		Debug|Any CPU = Debug|Any CPU
		Release|Any CPU = Release|Any CPU
	EndGlobalSection
	GlobalSection(ProjectConfigurationPlatforms) = postSolution
		{E72E8B9C-9668-46C6-84E6-47D9CE44AD80}.Debug|Any CPU.ActiveCfg = Debug|Any CPU
		{E72E8B9C-9668-46C6-84E6-47D9CE44AD80}.Debug|Any CPU.Build.0 = Debug|Any CPU
		{E72E8B9C-9668-46C6-84E6-47D9CE44AD80}.Release|Any CPU.ActiveCfg = Release|Any CPU
		{E72E8B9C-9668-46C6-84E6-47D9CE44AD80}.Release|Any CPU.Build.0 = Release|Any CPU
		{F17809FB-AF26-418F-B120-C9CDCB0C9EBF}.Debug|Any CPU.ActiveCfg = Debug|Any CPU
		{F17809FB-AF26-418F-B120-C9CDCB0C9EBF}.Debug|Any CPU.Build.0 = Debug|Any CPU
		{F17809FB-AF26-418F-B120-C9CDCB0C9EBF}.Release|Any CPU.ActiveCfg = Release|Any CPU
		{F17809FB-AF26-418F-B120-C9CDCB0C9EBF}.Release|Any CPU.Build.0 = Release|Any CPU
		{523C231E-F960-452F-A48D-0124EE5C263E}.Debug|Any CPU.ActiveCfg = Debug|Any CPU
		{523C231E-F960-452F-A48D-0124EE5C263E}.Debug|Any CPU.Build.0 = Debug|Any CPU
		{523C231E-F960-452F-A48D-0124EE5C263E}.Release|Any CPU.ActiveCfg = Release|Any CPU
		{523C231E-F960-452F-A48D-0124EE5C263E}.Release|Any CPU.Build.0 = Release|Any CPU
		{0451BAEF-DF2E-4B98-8644-94EE9415E389}.Debug|Any CPU.ActiveCfg = Debug|Any CPU
		{0451BAEF-DF2E-4B98-8644-94EE9415E389}.Debug|Any CPU.Build.0 = Debug|Any CPU
		{0451BAEF-DF2E-4B98-8644-94EE9415E389}.Release|Any CPU.ActiveCfg = Release|Any CPU
		{0451BAEF-DF2E-4B98-8644-94EE9415E389}.Release|Any CPU.Build.0 = Release|Any CPU
		{920CEC59-06E6-437F-BB48-124E8AD6CFBF}.Debug|Any CPU.ActiveCfg = Debug|Any CPU
		{920CEC59-06E6-437F-BB48-124E8AD6CFBF}.Debug|Any CPU.Build.0 = Debug|Any CPU
		{920CEC59-06E6-437F-BB48-124E8AD6CFBF}.Release|Any CPU.ActiveCfg = Release|Any CPU
		{920CEC59-06E6-437F-BB48-124E8AD6CFBF}.Release|Any CPU.Build.0 = Release|Any CPU
		{86E82704-31D0-43BA-B6CC-536C1F435393}.Debug|Any CPU.ActiveCfg = Debug|Any CPU
		{86E82704-31D0-43BA-B6CC-536C1F435393}.Debug|Any CPU.Build.0 = Debug|Any CPU
		{86E82704-31D0-43BA-B6CC-536C1F435393}.Release|Any CPU.ActiveCfg = Release|Any CPU
		{86E82704-31D0-43BA-B6CC-536C1F435393}.Release|Any CPU.Build.0 = Release|Any CPU
		{A2728689-DDF8-40AB-9A59-FEEA8DBA4225}.Debug|Any CPU.ActiveCfg = Debug|Any CPU
		{A2728689-DDF8-40AB-9A59-FEEA8DBA4225}.Debug|Any CPU.Build.0 = Debug|Any CPU
		{A2728689-DDF8-40AB-9A59-FEEA8DBA4225}.Release|Any CPU.ActiveCfg = Release|Any CPU
		{A2728689-DDF8-40AB-9A59-FEEA8DBA4225}.Release|Any CPU.Build.0 = Release|Any CPU
		{8F3240C4-1A14-4E3B-85AC-C94EE406041E}.Debug|Any CPU.ActiveCfg = Debug|Any CPU
		{8F3240C4-1A14-4E3B-85AC-C94EE406041E}.Debug|Any CPU.Build.0 = Debug|Any CPU
		{8F3240C4-1A14-4E3B-85AC-C94EE406041E}.Release|Any CPU.ActiveCfg = Release|Any CPU
		{8F3240C4-1A14-4E3B-85AC-C94EE406041E}.Release|Any CPU.Build.0 = Release|Any CPU
		{24C1BA52-EE2D-4C56-B2BA-8AEC002AF930}.Debug|Any CPU.ActiveCfg = Debug|Any CPU
		{24C1BA52-EE2D-4C56-B2BA-8AEC002AF930}.Debug|Any CPU.Build.0 = Debug|Any CPU
		{24C1BA52-EE2D-4C56-B2BA-8AEC002AF930}.Release|Any CPU.ActiveCfg = Release|Any CPU
		{24C1BA52-EE2D-4C56-B2BA-8AEC002AF930}.Release|Any CPU.Build.0 = Release|Any CPU
		{2B9F1DA0-E1CF-49F5-A842-15A5E256B798}.Debug|Any CPU.ActiveCfg = Debug|Any CPU
		{2B9F1DA0-E1CF-49F5-A842-15A5E256B798}.Debug|Any CPU.Build.0 = Debug|Any CPU
		{2B9F1DA0-E1CF-49F5-A842-15A5E256B798}.Release|Any CPU.ActiveCfg = Release|Any CPU
		{2B9F1DA0-E1CF-49F5-A842-15A5E256B798}.Release|Any CPU.Build.0 = Release|Any CPU
		{0FF38F5E-849A-42BE-A793-35DCFFD2C99C}.Debug|Any CPU.ActiveCfg = Debug|Any CPU
		{0FF38F5E-849A-42BE-A793-35DCFFD2C99C}.Debug|Any CPU.Build.0 = Debug|Any CPU
		{0FF38F5E-849A-42BE-A793-35DCFFD2C99C}.Debug|Any CPU.Deploy.0 = Debug|Any CPU
		{0FF38F5E-849A-42BE-A793-35DCFFD2C99C}.Release|Any CPU.ActiveCfg = Release|Any CPU
		{0FF38F5E-849A-42BE-A793-35DCFFD2C99C}.Release|Any CPU.Build.0 = Release|Any CPU
		{0FF38F5E-849A-42BE-A793-35DCFFD2C99C}.Release|Any CPU.Deploy.0 = Release|Any CPU
	EndGlobalSection
	GlobalSection(SolutionProperties) = preSolution
		HideSolutionNode = FALSE
	EndGlobalSection
	GlobalSection(NestedProjects) = preSolution
		{E72E8B9C-9668-46C6-84E6-47D9CE44AD80} = {4ED9868C-5277-4FD0-817F-9D4F74E4FD4E}
		{F17809FB-AF26-418F-B120-C9CDCB0C9EBF} = {4ED9868C-5277-4FD0-817F-9D4F74E4FD4E}
		{523C231E-F960-452F-A48D-0124EE5C263E} = {C05FF974-CF3D-4994-9D53-79BB3E99D5A0}
		{0451BAEF-DF2E-4B98-8644-94EE9415E389} = {C05FF974-CF3D-4994-9D53-79BB3E99D5A0}
		{920CEC59-06E6-437F-BB48-124E8AD6CFBF} = {4ED9868C-5277-4FD0-817F-9D4F74E4FD4E}
		{86E82704-31D0-43BA-B6CC-536C1F435393} = {4ED9868C-5277-4FD0-817F-9D4F74E4FD4E}
		{A2728689-DDF8-40AB-9A59-FEEA8DBA4225} = {C05FF974-CF3D-4994-9D53-79BB3E99D5A0}
		{8F3240C4-1A14-4E3B-85AC-C94EE406041E} = {4ED9868C-5277-4FD0-817F-9D4F74E4FD4E}
		{24C1BA52-EE2D-4C56-B2BA-8AEC002AF930} = {4ED9868C-5277-4FD0-817F-9D4F74E4FD4E}
		{2B9F1DA0-E1CF-49F5-A842-15A5E256B798} = {4ED9868C-5277-4FD0-817F-9D4F74E4FD4E}
		{0FF38F5E-849A-42BE-A793-35DCFFD2C99C} = {4ED9868C-5277-4FD0-817F-9D4F74E4FD4E}
	EndGlobalSection
	GlobalSection(ExtensibilityGlobals) = postSolution
		SolutionGuid = {EED38A6B-FD8B-4735-9632-1F78301B6F9F}
	EndGlobalSection
EndGlobal
