
Microsoft Visual Studio Solution File, Format Version 12.00
# Visual Studio 15
VisualStudioVersion = 15.0.27703.2000
MinimumVisualStudioVersion = 10.0.40219.1
Project("{2150E333-8FDC-42A3-9474-1A3956D46DE8}") = "Projects", "Projects", "{4ED9868C-5277-4FD0-817F-9D4F74E4FD4E}"
EndProject
Project("{FAE04EC0-301F-11D3-BF4B-00C04F79EFBC}") = "Core.NetFramework", "..\Projects\Core\Core.NetFramework.csproj", "{E72E8B9C-9668-46C6-84E6-47D9CE44AD80}"
EndProject
Project("{FAE04EC0-301F-11D3-BF4B-00C04F79EFBC}") = "Tasks.Hangfire", "..\Projects\Tasks.Hangfire\Tasks.Hangfire.csproj", "{F17809FB-AF26-418F-B120-C9CDCB0C9EBF}"
EndProject
Project("{FAE04EC0-301F-11D3-BF4B-00C04F79EFBC}") = "Data.EntityFramework.NetFramework", "..\Projects\Data.EntityFramework\Data.EntityFramework.NetFramework.csproj", "{8F3240C4-1A14-4E3B-85AC-C94EE406041E}"
EndProject
Project("{2150E333-8FDC-42A3-9474-1A3956D46DE8}") = "Nuget", "Nuget", "{C05FF974-CF3D-4994-9D53-79BB3E99D5A0}"
EndProject
Project("{FAE04EC0-301F-11D3-BF4B-00C04F79EFBC}") = "Data.EntityFramework", "..\NuGet\Data.EntityFramework\Data.EntityFramework.csproj", "{523C231E-F960-452F-A48D-0124EE5C263E}"
	ProjectSection(ProjectDependencies) = postProject
		{4413870B-8A01-4EF5-B944-F409839D414D} = {4413870B-8A01-4EF5-B944-F409839D414D}
		{061AAA10-2170-487B-8C20-F10D79305D9A} = {061AAA10-2170-487B-8C20-F10D79305D9A}
		{8F3240C4-1A14-4E3B-85AC-C94EE406041E} = {8F3240C4-1A14-4E3B-85AC-C94EE406041E}
	EndProjectSection
EndProject
Project("{FAE04EC0-301F-11D3-BF4B-00C04F79EFBC}") = "Core", "..\NuGet\Core\Core.csproj", "{0451BAEF-DF2E-4B98-8644-94EE9415E389}"
	ProjectSection(ProjectDependencies) = postProject
		{920CEC59-06E6-437F-BB48-124E8AD6CFBF} = {920CEC59-06E6-437F-BB48-124E8AD6CFBF}
		{E72E8B9C-9668-46C6-84E6-47D9CE44AD80} = {E72E8B9C-9668-46C6-84E6-47D9CE44AD80}
	EndProjectSection
EndProject
Project("{9A19103F-16F7-4668-BE54-9A1E7A4F7556}") = "Core.NetStandard", "..\Projects\Core\Core.NetStandard.csproj", "{920CEC59-06E6-437F-BB48-124E8AD6CFBF}"
EndProject
Project("{FAE04EC0-301F-11D3-BF4B-00C04F79EFBC}") = "Tasks.Hangfire", "..\NuGet\Tasks.Hangfire\Tasks.Hangfire.csproj", "{A2728689-DDF8-40AB-9A59-FEEA8DBA4225}"
	ProjectSection(ProjectDependencies) = postProject
		{523C231E-F960-452F-A48D-0124EE5C263E} = {523C231E-F960-452F-A48D-0124EE5C263E}
		{0451BAEF-DF2E-4B98-8644-94EE9415E389} = {0451BAEF-DF2E-4B98-8644-94EE9415E389}
		{F17809FB-AF26-418F-B120-C9CDCB0C9EBF} = {F17809FB-AF26-418F-B120-C9CDCB0C9EBF}
	EndProjectSection
EndProject
Project("{2150E333-8FDC-42A3-9474-1A3956D46DE8}") = "Test", "Test", "{1FBB702E-EAD6-4259-9590-D34D015F4A73}"
EndProject
Project("{9A19103F-16F7-4668-BE54-9A1E7A4F7556}") = "Data.EntityFramework.NetStandard", "..\Projects\Data.EntityFramework\Data.EntityFramework.NetStandard.csproj", "{4413870B-8A01-4EF5-B944-F409839D414D}"
EndProject
Project("{9A19103F-16F7-4668-BE54-9A1E7A4F7556}") = "TestConsole.NetCore", "..\Tests\TestConsole.NetCore\TestConsole.NetCore.csproj", "{4B28218E-9A51-4D1E-8865-C2050DD1D144}"
EndProject
Project("{FAE04EC0-301F-11D3-BF4B-00C04F79EFBC}") = "TestConsole.NetFramework", "..\Tests\TestConsole.NetFramework\TestConsole.NetFramework.csproj", "{3B8D299C-5CF7-4E20-AE48-449F5043B2A6}"
EndProject
Project("{9A19103F-16F7-4668-BE54-9A1E7A4F7556}") = "Tasks.MomentalThreading", "..\Projects\Tasks.MomentalThreading\Tasks.MomentalThreading.csproj", "{7645A6BB-CCA5-4EC9-ABEE-B0A752BE82FC}"
EndProject
Project("{00D1A9C2-B5F0-4AF3-8072-F6C62B433612}") = "Data.DB", "..\Projects\Data.DB\Data.DB.sqlproj", "{061AAA10-2170-487B-8C20-F10D79305D9A}"
EndProject
Global
	GlobalSection(SolutionConfigurationPlatforms) = preSolution
		Debug|Any CPU = Debug|Any CPU
		Release|Any CPU = Release|Any CPU
	EndGlobalSection
	GlobalSection(ProjectConfigurationPlatforms) = postSolution
		{E72E8B9C-9668-46C6-84E6-47D9CE44AD80}.Debug|Any CPU.ActiveCfg = Debug|Any CPU
		{E72E8B9C-9668-46C6-84E6-47D9CE44AD80}.Debug|Any CPU.Build.0 = Debug|Any CPU
		{E72E8B9C-9668-46C6-84E6-47D9CE44AD80}.Release|Any CPU.ActiveCfg = Release|Any CPU
		{E72E8B9C-9668-46C6-84E6-47D9CE44AD80}.Release|Any CPU.Build.0 = Release|Any CPU
		{F17809FB-AF26-418F-B120-C9CDCB0C9EBF}.Debug|Any CPU.ActiveCfg = Debug|Any CPU
		{F17809FB-AF26-418F-B120-C9CDCB0C9EBF}.Debug|Any CPU.Build.0 = Debug|Any CPU
		{F17809FB-AF26-418F-B120-C9CDCB0C9EBF}.Release|Any CPU.ActiveCfg = Release|Any CPU
		{F17809FB-AF26-418F-B120-C9CDCB0C9EBF}.Release|Any CPU.Build.0 = Release|Any CPU
		{8F3240C4-1A14-4E3B-85AC-C94EE406041E}.Debug|Any CPU.ActiveCfg = Debug|Any CPU
		{8F3240C4-1A14-4E3B-85AC-C94EE406041E}.Debug|Any CPU.Build.0 = Debug|Any CPU
		{8F3240C4-1A14-4E3B-85AC-C94EE406041E}.Release|Any CPU.ActiveCfg = Release|Any CPU
		{8F3240C4-1A14-4E3B-85AC-C94EE406041E}.Release|Any CPU.Build.0 = Release|Any CPU
		{523C231E-F960-452F-A48D-0124EE5C263E}.Debug|Any CPU.ActiveCfg = Debug|Any CPU
		{523C231E-F960-452F-A48D-0124EE5C263E}.Release|Any CPU.ActiveCfg = Release|Any CPU
		{523C231E-F960-452F-A48D-0124EE5C263E}.Release|Any CPU.Build.0 = Release|Any CPU
		{0451BAEF-DF2E-4B98-8644-94EE9415E389}.Debug|Any CPU.ActiveCfg = Debug|Any CPU
		{0451BAEF-DF2E-4B98-8644-94EE9415E389}.Release|Any CPU.ActiveCfg = Release|Any CPU
		{0451BAEF-DF2E-4B98-8644-94EE9415E389}.Release|Any CPU.Build.0 = Release|Any CPU
		{920CEC59-06E6-437F-BB48-124E8AD6CFBF}.Debug|Any CPU.ActiveCfg = Debug|Any CPU
		{920CEC59-06E6-437F-BB48-124E8AD6CFBF}.Debug|Any CPU.Build.0 = Debug|Any CPU
		{920CEC59-06E6-437F-BB48-124E8AD6CFBF}.Release|Any CPU.ActiveCfg = Release|Any CPU
		{920CEC59-06E6-437F-BB48-124E8AD6CFBF}.Release|Any CPU.Build.0 = Release|Any CPU
		{A2728689-DDF8-40AB-9A59-FEEA8DBA4225}.Debug|Any CPU.ActiveCfg = Debug|Any CPU
		{A2728689-DDF8-40AB-9A59-FEEA8DBA4225}.Release|Any CPU.ActiveCfg = Release|Any CPU
		{A2728689-DDF8-40AB-9A59-FEEA8DBA4225}.Release|Any CPU.Build.0 = Release|Any CPU
		{4413870B-8A01-4EF5-B944-F409839D414D}.Debug|Any CPU.ActiveCfg = Debug|Any CPU
		{4413870B-8A01-4EF5-B944-F409839D414D}.Debug|Any CPU.Build.0 = Debug|Any CPU
		{4413870B-8A01-4EF5-B944-F409839D414D}.Release|Any CPU.ActiveCfg = Release|Any CPU
		{4413870B-8A01-4EF5-B944-F409839D414D}.Release|Any CPU.Build.0 = Release|Any CPU
		{4B28218E-9A51-4D1E-8865-C2050DD1D144}.Debug|Any CPU.ActiveCfg = Debug|Any CPU
		{4B28218E-9A51-4D1E-8865-C2050DD1D144}.Debug|Any CPU.Build.0 = Debug|Any CPU
		{4B28218E-9A51-4D1E-8865-C2050DD1D144}.Release|Any CPU.ActiveCfg = Release|Any CPU
		{4B28218E-9A51-4D1E-8865-C2050DD1D144}.Release|Any CPU.Build.0 = Release|Any CPU
		{3B8D299C-5CF7-4E20-AE48-449F5043B2A6}.Debug|Any CPU.ActiveCfg = Debug|Any CPU
		{3B8D299C-5CF7-4E20-AE48-449F5043B2A6}.Debug|Any CPU.Build.0 = Debug|Any CPU
		{3B8D299C-5CF7-4E20-AE48-449F5043B2A6}.Release|Any CPU.ActiveCfg = Release|Any CPU
		{3B8D299C-5CF7-4E20-AE48-449F5043B2A6}.Release|Any CPU.Build.0 = Release|Any CPU
		{7645A6BB-CCA5-4EC9-ABEE-B0A752BE82FC}.Debug|Any CPU.ActiveCfg = Debug|Any CPU
		{7645A6BB-CCA5-4EC9-ABEE-B0A752BE82FC}.Debug|Any CPU.Build.0 = Debug|Any CPU
		{7645A6BB-CCA5-4EC9-ABEE-B0A752BE82FC}.Release|Any CPU.ActiveCfg = Release|Any CPU
		{7645A6BB-CCA5-4EC9-ABEE-B0A752BE82FC}.Release|Any CPU.Build.0 = Release|Any CPU
		{061AAA10-2170-487B-8C20-F10D79305D9A}.Debug|Any CPU.ActiveCfg = Debug|Any CPU
		{061AAA10-2170-487B-8C20-F10D79305D9A}.Debug|Any CPU.Build.0 = Debug|Any CPU
		{061AAA10-2170-487B-8C20-F10D79305D9A}.Debug|Any CPU.Deploy.0 = Debug|Any CPU
		{061AAA10-2170-487B-8C20-F10D79305D9A}.Release|Any CPU.ActiveCfg = Release|Any CPU
		{061AAA10-2170-487B-8C20-F10D79305D9A}.Release|Any CPU.Build.0 = Release|Any CPU
		{061AAA10-2170-487B-8C20-F10D79305D9A}.Release|Any CPU.Deploy.0 = Release|Any CPU
	EndGlobalSection
	GlobalSection(SolutionProperties) = preSolution
		HideSolutionNode = FALSE
	EndGlobalSection
	GlobalSection(NestedProjects) = preSolution
		{E72E8B9C-9668-46C6-84E6-47D9CE44AD80} = {4ED9868C-5277-4FD0-817F-9D4F74E4FD4E}
		{F17809FB-AF26-418F-B120-C9CDCB0C9EBF} = {4ED9868C-5277-4FD0-817F-9D4F74E4FD4E}
		{8F3240C4-1A14-4E3B-85AC-C94EE406041E} = {4ED9868C-5277-4FD0-817F-9D4F74E4FD4E}
		{523C231E-F960-452F-A48D-0124EE5C263E} = {C05FF974-CF3D-4994-9D53-79BB3E99D5A0}
		{0451BAEF-DF2E-4B98-8644-94EE9415E389} = {C05FF974-CF3D-4994-9D53-79BB3E99D5A0}
		{920CEC59-06E6-437F-BB48-124E8AD6CFBF} = {4ED9868C-5277-4FD0-817F-9D4F74E4FD4E}
		{A2728689-DDF8-40AB-9A59-FEEA8DBA4225} = {C05FF974-CF3D-4994-9D53-79BB3E99D5A0}
		{4413870B-8A01-4EF5-B944-F409839D414D} = {4ED9868C-5277-4FD0-817F-9D4F74E4FD4E}
		{4B28218E-9A51-4D1E-8865-C2050DD1D144} = {1FBB702E-EAD6-4259-9590-D34D015F4A73}
		{3B8D299C-5CF7-4E20-AE48-449F5043B2A6} = {1FBB702E-EAD6-4259-9590-D34D015F4A73}
		{7645A6BB-CCA5-4EC9-ABEE-B0A752BE82FC} = {4ED9868C-5277-4FD0-817F-9D4F74E4FD4E}
		{061AAA10-2170-487B-8C20-F10D79305D9A} = {4ED9868C-5277-4FD0-817F-9D4F74E4FD4E}
	EndGlobalSection
	GlobalSection(ExtensibilityGlobals) = postSolution
		SolutionGuid = {EED38A6B-FD8B-4735-9632-1F78301B6F9F}
	EndGlobalSection
EndGlobal
